
Microsoft Visual Studio Solution File, Format Version 12.00
# Visual Studio Version 17
VisualStudioVersion = 17.9.34902.65
MinimumVisualStudioVersion = 10.0.40219.1
Project("{9A19103F-16F7-4668-BE54-9A1E7A4F7556}") = "DBro.Web", "DBro.Web\DBro.Web.csproj", "{D50AFAB4-A241-49FA-9A38-FC9B7323CD78}"
EndProject
Project("{9A19103F-16F7-4668-BE54-9A1E7A4F7556}") = "DBro.Shared", "DBro.Shared\DBro.Shared.csproj", "{4DFBE9AB-B08D-4191-A83C-1C69484074E7}"
EndProject
Project("{9A19103F-16F7-4668-BE54-9A1E7A4F7556}") = "DBro.API", "DBro.API\DBro.API.csproj", "{1621F8FB-CFEA-4B9F-838D-DD0F2006BFEC}"
EndProject
Global
	GlobalSection(SolutionConfigurationPlatforms) = preSolution
		Debug|Any CPU = Debug|Any CPU
		Release|Any CPU = Release|Any CPU
	EndGlobalSection
	GlobalSection(ProjectConfigurationPlatforms) = postSolution
		{D50AFAB4-A241-49FA-9A38-FC9B7323CD78}.Debug|Any CPU.ActiveCfg = Debug|Any CPU
		{D50AFAB4-A241-49FA-9A38-FC9B7323CD78}.Debug|Any CPU.Build.0 = Debug|Any CPU
		{D50AFAB4-A241-49FA-9A38-FC9B7323CD78}.Release|Any CPU.ActiveCfg = Release|Any CPU
		{D50AFAB4-A241-49FA-9A38-FC9B7323CD78}.Release|Any CPU.Build.0 = Release|Any CPU
		{4DFBE9AB-B08D-4191-A83C-1C69484074E7}.Debug|Any CPU.ActiveCfg = Debug|Any CPU
		{4DFBE9AB-B08D-4191-A83C-1C69484074E7}.Debug|Any CPU.Build.0 = Debug|Any CPU
		{4DFBE9AB-B08D-4191-A83C-1C69484074E7}.Release|Any CPU.ActiveCfg = Release|Any CPU
		{4DFBE9AB-B08D-4191-A83C-1C69484074E7}.Release|Any CPU.Build.0 = Release|Any CPU
		{1621F8FB-CFEA-4B9F-838D-DD0F2006BFEC}.Debug|Any CPU.ActiveCfg = Debug|Any CPU
		{1621F8FB-CFEA-4B9F-838D-DD0F2006BFEC}.Debug|Any CPU.Build.0 = Debug|Any CPU
		{1621F8FB-CFEA-4B9F-838D-DD0F2006BFEC}.Release|Any CPU.ActiveCfg = Release|Any CPU
		{1621F8FB-CFEA-4B9F-838D-DD0F2006BFEC}.Release|Any CPU.Build.0 = Release|Any CPU
	EndGlobalSection
	GlobalSection(SolutionProperties) = preSolution
		HideSolutionNode = FALSE
	EndGlobalSection
	GlobalSection(ExtensibilityGlobals) = postSolution
		SolutionGuid = {8E03320B-693B-4EC0-933E-77306D1BED8B}
	EndGlobalSection
EndGlobal
